
Microsoft Visual Studio Solution File, Format Version 12.00
# Visual Studio Version 16
VisualStudioVersion = 16.0.29326.143
MinimumVisualStudioVersion = 10.0.40219.1
Project("{FAE04EC0-301F-11D3-BF4B-00C04F79EFBC}") = "Web", "Web\Web.csproj", "{458762B2-94D8-44F8-89E2-9ACFB9500AA4}"
EndProject
Project("{FAE04EC0-301F-11D3-BF4B-00C04F79EFBC}") = "Tests", "Tests\Tests.csproj", "{D16A7A52-2C73-4A04-9D93-8ADA76AF09D9}"
EndProject
Global
	GlobalSection(SolutionConfigurationPlatforms) = preSolution
		Debug|Any CPU = Debug|Any CPU
		Release|Any CPU = Release|Any CPU
	EndGlobalSection
	GlobalSection(ProjectConfigurationPlatforms) = postSolution
		{458762B2-94D8-44F8-89E2-9ACFB9500AA4}.Debug|Any CPU.ActiveCfg = Debug|Any CPU
		{458762B2-94D8-44F8-89E2-9ACFB9500AA4}.Debug|Any CPU.Build.0 = Debug|Any CPU
		{458762B2-94D8-44F8-89E2-9ACFB9500AA4}.Release|Any CPU.ActiveCfg = Release|Any CPU
		{458762B2-94D8-44F8-89E2-9ACFB9500AA4}.Release|Any CPU.Build.0 = Release|Any CPU
		{D16A7A52-2C73-4A04-9D93-8ADA76AF09D9}.Debug|Any CPU.ActiveCfg = Debug|Any CPU
		{D16A7A52-2C73-4A04-9D93-8ADA76AF09D9}.Debug|Any CPU.Build.0 = Debug|Any CPU
		{D16A7A52-2C73-4A04-9D93-8ADA76AF09D9}.Release|Any CPU.ActiveCfg = Release|Any CPU
		{D16A7A52-2C73-4A04-9D93-8ADA76AF09D9}.Release|Any CPU.Build.0 = Release|Any CPU
	EndGlobalSection
	GlobalSection(SolutionProperties) = preSolution
		HideSolutionNode = FALSE
	EndGlobalSection
	GlobalSection(ExtensibilityGlobals) = postSolution
		SolutionGuid = {5A53E911-DABC-4E4D-83C5-7FED557585E4}
	EndGlobalSection
EndGlobal
